// !$*UTF8*$!
{
	archiveVersion = 1;
	classes = {
	};
	objectVersion = 50;
	objects = {

/* Begin PBXBuildFile section */
		6326888323D2E83700ED9E22 /* Core.swift in Sources */ = {isa = PBXBuildFile; fileRef = 6326888223D2E83700ED9E22 /* Core.swift */; };
		6326888623D2EAC900ED9E22 /* Remote.swift in Sources */ = {isa = PBXBuildFile; fileRef = 6326888523D2EAC900ED9E22 /* Remote.swift */; };
		6326888923D317EF00ED9E22 /* Cache.swift in Sources */ = {isa = PBXBuildFile; fileRef = 6326888823D317EF00ED9E22 /* Cache.swift */; };
		63DF508C23D09ADD009486D5 /* CustomImageView.h in Headers */ = {isa = PBXBuildFile; fileRef = 63DF508A23D09ADD009486D5 /* CustomImageView.h */; settings = {ATTRIBUTES = (Public, ); }; };
		63DF509323D09B85009486D5 /* CustomImageView.swift in Sources */ = {isa = PBXBuildFile; fileRef = 63DF509223D09B85009486D5 /* CustomImageView.swift */; };
		63DF509523D09BB5009486D5 /* CoreDataStack.swift in Sources */ = {isa = PBXBuildFile; fileRef = 63DF509423D09BB5009486D5 /* CoreDataStack.swift */; };
		63DF509723D09C38009486D5 /* CIVImage.swift in Sources */ = {isa = PBXBuildFile; fileRef = 63DF509623D09C38009486D5 /* CIVImage.swift */; };
		63DF509923D09C5E009486D5 /* URL.swift in Sources */ = {isa = PBXBuildFile; fileRef = 63DF509823D09C5E009486D5 /* URL.swift */; };
		63DF50A023D09D13009486D5 /* CIV.xcassets in Resources */ = {isa = PBXBuildFile; fileRef = 63DF509F23D09D13009486D5 /* CIV.xcassets */; };
		63DF50B923D1580D009486D5 /* CIV.xcdatamodeld in Sources */ = {isa = PBXBuildFile; fileRef = 63DF50B723D1580D009486D5 /* CIV.xcdatamodeld */; };
		63DF50BC23D1681E009486D5 /* UIImage.swift in Sources */ = {isa = PBXBuildFile; fileRef = 63DF50BB23D1681E009486D5 /* UIImage.swift */; };
/* End PBXBuildFile section */

/* Begin PBXFileReference section */
		6326888223D2E83700ED9E22 /* Core.swift */ = {isa = PBXFileReference; lastKnownFileType = sourcecode.swift; path = Core.swift; sourceTree = "<group>"; };
		6326888523D2EAC900ED9E22 /* Remote.swift */ = {isa = PBXFileReference; lastKnownFileType = sourcecode.swift; path = Remote.swift; sourceTree = "<group>"; };
		6326888823D317EF00ED9E22 /* Cache.swift */ = {isa = PBXFileReference; lastKnownFileType = sourcecode.swift; path = Cache.swift; sourceTree = "<group>"; };
		63DF508723D09ADD009486D5 /* CustomImageView.framework */ = {isa = PBXFileReference; explicitFileType = wrapper.framework; includeInIndex = 0; path = CustomImageView.framework; sourceTree = BUILT_PRODUCTS_DIR; };
		63DF508A23D09ADD009486D5 /* CustomImageView.h */ = {isa = PBXFileReference; lastKnownFileType = sourcecode.c.h; path = CustomImageView.h; sourceTree = "<group>"; };
		63DF508B23D09ADD009486D5 /* Info.plist */ = {isa = PBXFileReference; lastKnownFileType = text.plist.xml; path = Info.plist; sourceTree = "<group>"; };
		63DF509223D09B85009486D5 /* CustomImageView.swift */ = {isa = PBXFileReference; fileEncoding = 4; lastKnownFileType = sourcecode.swift; path = CustomImageView.swift; sourceTree = "<group>"; };
		63DF509423D09BB5009486D5 /* CoreDataStack.swift */ = {isa = PBXFileReference; fileEncoding = 4; lastKnownFileType = sourcecode.swift; path = CoreDataStack.swift; sourceTree = "<group>"; };
		63DF509623D09C38009486D5 /* CIVImage.swift */ = {isa = PBXFileReference; fileEncoding = 4; lastKnownFileType = sourcecode.swift; path = CIVImage.swift; sourceTree = "<group>"; };
		63DF509823D09C5E009486D5 /* URL.swift */ = {isa = PBXFileReference; fileEncoding = 4; lastKnownFileType = sourcecode.swift; path = URL.swift; sourceTree = "<group>"; };
		63DF509F23D09D13009486D5 /* CIV.xcassets */ = {isa = PBXFileReference; lastKnownFileType = folder.assetcatalog; path = CIV.xcassets; sourceTree = "<group>"; };
		63DF50B823D1580D009486D5 /* CustomImageView.xcdatamodel */ = {isa = PBXFileReference; lastKnownFileType = wrapper.xcdatamodel; path = CustomImageView.xcdatamodel; sourceTree = "<group>"; };
		63DF50BB23D1681E009486D5 /* UIImage.swift */ = {isa = PBXFileReference; lastKnownFileType = sourcecode.swift; path = UIImage.swift; sourceTree = "<group>"; };
/* End PBXFileReference section */

/* Begin PBXFrameworksBuildPhase section */
		63DF508423D09ADD009486D5 /* Frameworks */ = {
			isa = PBXFrameworksBuildPhase;
			buildActionMask = 2147483647;
			files = (
			);
			runOnlyForDeploymentPostprocessing = 0;
		};
/* End PBXFrameworksBuildPhase section */

/* Begin PBXGroup section */
		6326888123D2E42E00ED9E22 /* CoreData */ = {
			isa = PBXGroup;
			children = (
				63DF509423D09BB5009486D5 /* CoreDataStack.swift */,
				63DF50B723D1580D009486D5 /* CIV.xcdatamodeld */,
				63DF509623D09C38009486D5 /* CIVImage.swift */,
				6326888223D2E83700ED9E22 /* Core.swift */,
			);
			path = CoreData;
			sourceTree = "<group>";
		};
		6326888423D2EAB600ED9E22 /* RemoteData */ = {
			isa = PBXGroup;
			children = (
				6326888523D2EAC900ED9E22 /* Remote.swift */,
			);
			path = RemoteData;
			sourceTree = "<group>";
		};
		6326888723D317DA00ED9E22 /* CacheData */ = {
			isa = PBXGroup;
			children = (
				6326888823D317EF00ED9E22 /* Cache.swift */,
			);
			path = CacheData;
			sourceTree = "<group>";
		};
		63DF507D23D09ADC009486D5 = {
			isa = PBXGroup;
			children = (
				63DF508923D09ADD009486D5 /* CustomImageView */,
				63DF508823D09ADD009486D5 /* Products */,
			);
			sourceTree = "<group>";
		};
		63DF508823D09ADD009486D5 /* Products */ = {
			isa = PBXGroup;
			children = (
				63DF508723D09ADD009486D5 /* CustomImageView.framework */,
			);
			name = Products;
			sourceTree = "<group>";
		};
		63DF508923D09ADD009486D5 /* CustomImageView */ = {
			isa = PBXGroup;
			children = (
				6326888723D317DA00ED9E22 /* CacheData */,
				6326888123D2E42E00ED9E22 /* CoreData */,
				6326888423D2EAB600ED9E22 /* RemoteData */,
				63DF509E23D09CEC009486D5 /* Resources */,
				63DF509A23D09C72009486D5 /* Extensions */,
				63DF508A23D09ADD009486D5 /* CustomImageView.h */,
				63DF508B23D09ADD009486D5 /* Info.plist */,
				63DF509223D09B85009486D5 /* CustomImageView.swift */,
			);
			path = CustomImageView;
			sourceTree = "<group>";
		};
		63DF509A23D09C72009486D5 /* Extensions */ = {
			isa = PBXGroup;
			children = (
				63DF509823D09C5E009486D5 /* URL.swift */,
				63DF50BB23D1681E009486D5 /* UIImage.swift */,
			);
			path = Extensions;
			sourceTree = "<group>";
		};
		63DF509E23D09CEC009486D5 /* Resources */ = {
			isa = PBXGroup;
			children = (
				63DF509F23D09D13009486D5 /* CIV.xcassets */,
			);
			path = Resources;
			sourceTree = "<group>";
		};
/* End PBXGroup section */

/* Begin PBXHeadersBuildPhase section */
		63DF508223D09ADD009486D5 /* Headers */ = {
			isa = PBXHeadersBuildPhase;
			buildActionMask = 2147483647;
			files = (
				63DF508C23D09ADD009486D5 /* CustomImageView.h in Headers */,
			);
			runOnlyForDeploymentPostprocessing = 0;
		};
/* End PBXHeadersBuildPhase section */

/* Begin PBXNativeTarget section */
		63DF508623D09ADD009486D5 /* CustomImageView */ = {
			isa = PBXNativeTarget;
			buildConfigurationList = 63DF508F23D09ADD009486D5 /* Build configuration list for PBXNativeTarget "CustomImageView" */;
			buildPhases = (
				63DF508223D09ADD009486D5 /* Headers */,
				63DF508323D09ADD009486D5 /* Sources */,
				63DF508423D09ADD009486D5 /* Frameworks */,
				63DF508523D09ADD009486D5 /* Resources */,
			);
			buildRules = (
			);
			dependencies = (
			);
			name = CustomImageView;
			productName = CustomImageView;
			productReference = 63DF508723D09ADD009486D5 /* CustomImageView.framework */;
			productType = "com.apple.product-type.framework";
		};
/* End PBXNativeTarget section */

/* Begin PBXProject section */
		63DF507E23D09ADC009486D5 /* Project object */ = {
			isa = PBXProject;
			attributes = {
				LastUpgradeCheck = 1130;
				ORGANIZATIONNAME = "Kautsya Kanu";
				TargetAttributes = {
					63DF508623D09ADD009486D5 = {
						CreatedOnToolsVersion = 11.3.1;
						LastSwiftMigration = 1130;
					};
				};
			};
			buildConfigurationList = 63DF508123D09ADC009486D5 /* Build configuration list for PBXProject "CustomImageView" */;
			compatibilityVersion = "Xcode 9.3";
			developmentRegion = en;
			hasScannedForEncodings = 0;
			knownRegions = (
				en,
				Base,
			);
			mainGroup = 63DF507D23D09ADC009486D5;
			productRefGroup = 63DF508823D09ADD009486D5 /* Products */;
			projectDirPath = "";
			projectRoot = "";
			targets = (
				63DF508623D09ADD009486D5 /* CustomImageView */,
			);
		};
/* End PBXProject section */

/* Begin PBXResourcesBuildPhase section */
		63DF508523D09ADD009486D5 /* Resources */ = {
			isa = PBXResourcesBuildPhase;
			buildActionMask = 2147483647;
			files = (
				63DF50A023D09D13009486D5 /* CIV.xcassets in Resources */,
			);
			runOnlyForDeploymentPostprocessing = 0;
		};
/* End PBXResourcesBuildPhase section */

/* Begin PBXSourcesBuildPhase section */
		63DF508323D09ADD009486D5 /* Sources */ = {
			isa = PBXSourcesBuildPhase;
			buildActionMask = 2147483647;
			files = (
				63DF509323D09B85009486D5 /* CustomImageView.swift in Sources */,
				63DF50BC23D1681E009486D5 /* UIImage.swift in Sources */,
				63DF509723D09C38009486D5 /* CIVImage.swift in Sources */,
				6326888323D2E83700ED9E22 /* Core.swift in Sources */,
				6326888623D2EAC900ED9E22 /* Remote.swift in Sources */,
				63DF509523D09BB5009486D5 /* CoreDataStack.swift in Sources */,
				63DF50B923D1580D009486D5 /* CIV.xcdatamodeld in Sources */,
				63DF509923D09C5E009486D5 /* URL.swift in Sources */,
				6326888923D317EF00ED9E22 /* Cache.swift in Sources */,
			);
			runOnlyForDeploymentPostprocessing = 0;
		};
/* End PBXSourcesBuildPhase section */

/* Begin XCBuildConfiguration section */
		63DF508D23D09ADD009486D5 /* Debug */ = {
			isa = XCBuildConfiguration;
			buildSettings = {
				ALWAYS_SEARCH_USER_PATHS = NO;
				CLANG_ANALYZER_NONNULL = YES;
				CLANG_ANALYZER_NUMBER_OBJECT_CONVERSION = YES_AGGRESSIVE;
				CLANG_CXX_LANGUAGE_STANDARD = "gnu++14";
				CLANG_CXX_LIBRARY = "libc++";
				CLANG_ENABLE_MODULES = YES;
				CLANG_ENABLE_OBJC_ARC = YES;
				CLANG_ENABLE_OBJC_WEAK = YES;
				CLANG_WARN_BLOCK_CAPTURE_AUTORELEASING = YES;
				CLANG_WARN_BOOL_CONVERSION = YES;
				CLANG_WARN_COMMA = YES;
				CLANG_WARN_CONSTANT_CONVERSION = YES;
				CLANG_WARN_DEPRECATED_OBJC_IMPLEMENTATIONS = YES;
				CLANG_WARN_DIRECT_OBJC_ISA_USAGE = YES_ERROR;
				CLANG_WARN_DOCUMENTATION_COMMENTS = YES;
				CLANG_WARN_EMPTY_BODY = YES;
				CLANG_WARN_ENUM_CONVERSION = YES;
				CLANG_WARN_INFINITE_RECURSION = YES;
				CLANG_WARN_INT_CONVERSION = YES;
				CLANG_WARN_NON_LITERAL_NULL_CONVERSION = YES;
				CLANG_WARN_OBJC_IMPLICIT_RETAIN_SELF = YES;
				CLANG_WARN_OBJC_LITERAL_CONVERSION = YES;
				CLANG_WARN_OBJC_ROOT_CLASS = YES_ERROR;
				CLANG_WARN_RANGE_LOOP_ANALYSIS = YES;
				CLANG_WARN_STRICT_PROTOTYPES = YES;
				CLANG_WARN_SUSPICIOUS_MOVE = YES;
				CLANG_WARN_UNGUARDED_AVAILABILITY = YES_AGGRESSIVE;
				CLANG_WARN_UNREACHABLE_CODE = YES;
				CLANG_WARN__DUPLICATE_METHOD_MATCH = YES;
				COPY_PHASE_STRIP = NO;
				CURRENT_PROJECT_VERSION = 1;
				DEBUG_INFORMATION_FORMAT = dwarf;
				ENABLE_STRICT_OBJC_MSGSEND = YES;
				ENABLE_TESTABILITY = YES;
				GCC_C_LANGUAGE_STANDARD = gnu11;
				GCC_DYNAMIC_NO_PIC = NO;
				GCC_NO_COMMON_BLOCKS = YES;
				GCC_OPTIMIZATION_LEVEL = 0;
				GCC_PREPROCESSOR_DEFINITIONS = (
					"DEBUG=1",
					"$(inherited)",
				);
				GCC_WARN_64_TO_32_BIT_CONVERSION = YES;
				GCC_WARN_ABOUT_RETURN_TYPE = YES_ERROR;
				GCC_WARN_UNDECLARED_SELECTOR = YES;
				GCC_WARN_UNINITIALIZED_AUTOS = YES_AGGRESSIVE;
				GCC_WARN_UNUSED_FUNCTION = YES;
				GCC_WARN_UNUSED_VARIABLE = YES;
				IPHONEOS_DEPLOYMENT_TARGET = 13.2;
				MTL_ENABLE_DEBUG_INFO = INCLUDE_SOURCE;
				MTL_FAST_MATH = YES;
				ONLY_ACTIVE_ARCH = YES;
				SDKROOT = iphoneos;
				SWIFT_ACTIVE_COMPILATION_CONDITIONS = DEBUG;
				SWIFT_OPTIMIZATION_LEVEL = "-Onone";
				VERSIONING_SYSTEM = "apple-generic";
				VERSION_INFO_PREFIX = "";
			};
			name = Debug;
		};
		63DF508E23D09ADD009486D5 /* Release */ = {
			isa = XCBuildConfiguration;
			buildSettings = {
				ALWAYS_SEARCH_USER_PATHS = NO;
				CLANG_ANALYZER_NONNULL = YES;
				CLANG_ANALYZER_NUMBER_OBJECT_CONVERSION = YES_AGGRESSIVE;
				CLANG_CXX_LANGUAGE_STANDARD = "gnu++14";
				CLANG_CXX_LIBRARY = "libc++";
				CLANG_ENABLE_MODULES = YES;
				CLANG_ENABLE_OBJC_ARC = YES;
				CLANG_ENABLE_OBJC_WEAK = YES;
				CLANG_WARN_BLOCK_CAPTURE_AUTORELEASING = YES;
				CLANG_WARN_BOOL_CONVERSION = YES;
				CLANG_WARN_COMMA = YES;
				CLANG_WARN_CONSTANT_CONVERSION = YES;
				CLANG_WARN_DEPRECATED_OBJC_IMPLEMENTATIONS = YES;
				CLANG_WARN_DIRECT_OBJC_ISA_USAGE = YES_ERROR;
				CLANG_WARN_DOCUMENTATION_COMMENTS = YES;
				CLANG_WARN_EMPTY_BODY = YES;
				CLANG_WARN_ENUM_CONVERSION = YES;
				CLANG_WARN_INFINITE_RECURSION = YES;
				CLANG_WARN_INT_CONVERSION = YES;
				CLANG_WARN_NON_LITERAL_NULL_CONVERSION = YES;
				CLANG_WARN_OBJC_IMPLICIT_RETAIN_SELF = YES;
				CLANG_WARN_OBJC_LITERAL_CONVERSION = YES;
				CLANG_WARN_OBJC_ROOT_CLASS = YES_ERROR;
				CLANG_WARN_RANGE_LOOP_ANALYSIS = YES;
				CLANG_WARN_STRICT_PROTOTYPES = YES;
				CLANG_WARN_SUSPICIOUS_MOVE = YES;
				CLANG_WARN_UNGUARDED_AVAILABILITY = YES_AGGRESSIVE;
				CLANG_WARN_UNREACHABLE_CODE = YES;
				CLANG_WARN__DUPLICATE_METHOD_MATCH = YES;
				COPY_PHASE_STRIP = NO;
				CURRENT_PROJECT_VERSION = 1;
				DEBUG_INFORMATION_FORMAT = "dwarf-with-dsym";
				ENABLE_NS_ASSERTIONS = NO;
				ENABLE_STRICT_OBJC_MSGSEND = YES;
				GCC_C_LANGUAGE_STANDARD = gnu11;
				GCC_NO_COMMON_BLOCKS = YES;
				GCC_WARN_64_TO_32_BIT_CONVERSION = YES;
				GCC_WARN_ABOUT_RETURN_TYPE = YES_ERROR;
				GCC_WARN_UNDECLARED_SELECTOR = YES;
				GCC_WARN_UNINITIALIZED_AUTOS = YES_AGGRESSIVE;
				GCC_WARN_UNUSED_FUNCTION = YES;
				GCC_WARN_UNUSED_VARIABLE = YES;
				IPHONEOS_DEPLOYMENT_TARGET = 13.2;
				MTL_ENABLE_DEBUG_INFO = NO;
				MTL_FAST_MATH = YES;
				SDKROOT = iphoneos;
				SWIFT_COMPILATION_MODE = wholemodule;
				SWIFT_OPTIMIZATION_LEVEL = "-O";
				VALIDATE_PRODUCT = YES;
				VERSIONING_SYSTEM = "apple-generic";
				VERSION_INFO_PREFIX = "";
			};
			name = Release;
		};
		63DF509023D09ADD009486D5 /* Debug */ = {
			isa = XCBuildConfiguration;
			buildSettings = {
				CLANG_ENABLE_MODULES = YES;
				CODE_SIGN_STYLE = Automatic;
				DEFINES_MODULE = YES;
				DEVELOPMENT_TEAM = A8UX99CMMW;
				DYLIB_COMPATIBILITY_VERSION = 1;
				DYLIB_CURRENT_VERSION = 1;
				DYLIB_INSTALL_NAME_BASE = "@rpath";
				INFOPLIST_FILE = CustomImageView/Info.plist;
				INSTALL_PATH = "$(LOCAL_LIBRARY_DIR)/Frameworks";
				LD_RUNPATH_SEARCH_PATHS = (
					"$(inherited)",
					"@executable_path/Frameworks",
					"@loader_path/Frameworks",
				);
				PRODUCT_BUNDLE_IDENTIFIER = Kauts.CustomImageView;
				PRODUCT_NAME = "$(TARGET_NAME:c99extidentifier)";
				SKIP_INSTALL = YES;
				SWIFT_OPTIMIZATION_LEVEL = "-Onone";
				SWIFT_VERSION = 5.0;
				TARGETED_DEVICE_FAMILY = 2;
			};
			name = Debug;
		};
		63DF509123D09ADD009486D5 /* Release */ = {
			isa = XCBuildConfiguration;
			buildSettings = {
				CLANG_ENABLE_MODULES = YES;
				CODE_SIGN_STYLE = Automatic;
				DEFINES_MODULE = YES;
				DEVELOPMENT_TEAM = A8UX99CMMW;
				DYLIB_COMPATIBILITY_VERSION = 1;
				DYLIB_CURRENT_VERSION = 1;
				DYLIB_INSTALL_NAME_BASE = "@rpath";
				INFOPLIST_FILE = CustomImageView/Info.plist;
				INSTALL_PATH = "$(LOCAL_LIBRARY_DIR)/Frameworks";
				LD_RUNPATH_SEARCH_PATHS = (
					"$(inherited)",
					"@executable_path/Frameworks",
					"@loader_path/Frameworks",
				);
				PRODUCT_BUNDLE_IDENTIFIER = Kauts.CustomImageView;
				PRODUCT_NAME = "$(TARGET_NAME:c99extidentifier)";
				SKIP_INSTALL = YES;
				SWIFT_VERSION = 5.0;
				TARGETED_DEVICE_FAMILY = 2;
			};
			name = Release;
		};
/* End XCBuildConfiguration section */

/* Begin XCConfigurationList section */
		63DF508123D09ADC009486D5 /* Build configuration list for PBXProject "CustomImageView" */ = {
			isa = XCConfigurationList;
			buildConfigurations = (
				63DF508D23D09ADD009486D5 /* Debug */,
				63DF508E23D09ADD009486D5 /* Release */,
			);
			defaultConfigurationIsVisible = 0;
			defaultConfigurationName = Release;
		};
		63DF508F23D09ADD009486D5 /* Build configuration list for PBXNativeTarget "CustomImageView" */ = {
			isa = XCConfigurationList;
			buildConfigurations = (
				63DF509023D09ADD009486D5 /* Debug */,
				63DF509123D09ADD009486D5 /* Release */,
			);
			defaultConfigurationIsVisible = 0;
			defaultConfigurationName = Release;
		};
/* End XCConfigurationList section */

/* Begin XCVersionGroup section */
		63DF50B723D1580D009486D5 /* CIV.xcdatamodeld */ = {
			isa = XCVersionGroup;
			children = (
				63DF50B823D1580D009486D5 /* CustomImageView.xcdatamodel */,
			);
			currentVersion = 63DF50B823D1580D009486D5 /* CustomImageView.xcdatamodel */;
			path = CIV.xcdatamodeld;
			sourceTree = "<group>";
			versionGroupType = wrapper.xcdatamodel;
		};
/* End XCVersionGroup section */
	};
	rootObject = 63DF507E23D09ADC009486D5 /* Project object */;
}
